
Microsoft Visual Studio Solution File, Format Version 12.00
# Visual Studio 15
VisualStudioVersion = 15.0.28010.2036
MinimumVisualStudioVersion = 10.0.40219.1
Project("{FAE04EC0-301F-11D3-BF4B-00C04F79EFBC}") = "GitHub_WorkFlow", "GitHub_WorkFlow\GitHub_WorkFlow.csproj", "{6001A4C1-DEFC-4F0F-A6AC-761BBCFB54F2}"
EndProject
Global
	GlobalSection(SolutionConfigurationPlatforms) = preSolution
		Debug|Any CPU = Debug|Any CPU
		Release|Any CPU = Release|Any CPU
	EndGlobalSection
	GlobalSection(ProjectConfigurationPlatforms) = postSolution
		{6001A4C1-DEFC-4F0F-A6AC-761BBCFB54F2}.Debug|Any CPU.ActiveCfg = Debug|Any CPU
		{6001A4C1-DEFC-4F0F-A6AC-761BBCFB54F2}.Debug|Any CPU.Build.0 = Debug|Any CPU
		{6001A4C1-DEFC-4F0F-A6AC-761BBCFB54F2}.Release|Any CPU.ActiveCfg = Release|Any CPU
		{6001A4C1-DEFC-4F0F-A6AC-761BBCFB54F2}.Release|Any CPU.Build.0 = Release|Any CPU
	EndGlobalSection
	GlobalSection(SolutionProperties) = preSolution
		HideSolutionNode = FALSE
	EndGlobalSection
	GlobalSection(ExtensibilityGlobals) = postSolution
		SolutionGuid = {1A2B302B-07B8-4A45-A0AB-AF46A2E751C1}
	EndGlobalSection
EndGlobal
